
Microsoft Visual Studio Solution File, Format Version 12.00
# Visual Studio Version 16
VisualStudioVersion = 16.0.31624.102
MinimumVisualStudioVersion = 10.0.40219.1
Project("{FAE04EC0-301F-11D3-BF4B-00C04F79EFBC}") = "TuesdayLesson2", "TuesdayLesson2.csproj", "{454E1830-08CB-460C-BC26-C7B78B631762}"
EndProject
Global
	GlobalSection(SolutionConfigurationPlatforms) = preSolution
		Debug|Any CPU = Debug|Any CPU
		Release|Any CPU = Release|Any CPU
	EndGlobalSection
	GlobalSection(ProjectConfigurationPlatforms) = postSolution
		{454E1830-08CB-460C-BC26-C7B78B631762}.Debug|Any CPU.ActiveCfg = Debug|Any CPU
		{454E1830-08CB-460C-BC26-C7B78B631762}.Debug|Any CPU.Build.0 = Debug|Any CPU
		{454E1830-08CB-460C-BC26-C7B78B631762}.Release|Any CPU.ActiveCfg = Release|Any CPU
		{454E1830-08CB-460C-BC26-C7B78B631762}.Release|Any CPU.Build.0 = Release|Any CPU
	EndGlobalSection
	GlobalSection(SolutionProperties) = preSolution
		HideSolutionNode = FALSE
	EndGlobalSection
	GlobalSection(ExtensibilityGlobals) = postSolution
		SolutionGuid = {F90B4AD2-B12F-4171-84A7-D0B6EDE7256E}
	EndGlobalSection
EndGlobal
